// !$*UTF8*$!
{
	archiveVersion = 1;
	classes = {
	};
	objectVersion = 46;
	objects = {

/* Begin PBXBuildFile section */
		5C4C89721BF68EDA00CED99A /* main.m in Sources */ = {isa = PBXBuildFile; fileRef = 5C4C89711BF68EDA00CED99A /* main.m */; };
		5C4C89751BF68EDA00CED99A /* AppDelegate.m in Sources */ = {isa = PBXBuildFile; fileRef = 5C4C89741BF68EDA00CED99A /* AppDelegate.m */; };
		5C4C89771BF68EDA00CED99A /* art.scnassets in Resources */ = {isa = PBXBuildFile; fileRef = 5C4C89761BF68EDA00CED99A /* art.scnassets */; };
		5C4C897A1BF68EDA00CED99A /* GameViewController.m in Sources */ = {isa = PBXBuildFile; fileRef = 5C4C89791BF68EDA00CED99A /* GameViewController.m */; };
		5C4C897D1BF68EDA00CED99A /* Main.storyboard in Resources */ = {isa = PBXBuildFile; fileRef = 5C4C897B1BF68EDA00CED99A /* Main.storyboard */; };
		5C4C897F1BF68EDA00CED99A /* Assets.xcassets in Resources */ = {isa = PBXBuildFile; fileRef = 5C4C897E1BF68EDA00CED99A /* Assets.xcassets */; };
		5C4C89821BF68EDA00CED99A /* LaunchScreen.storyboard in Resources */ = {isa = PBXBuildFile; fileRef = 5C4C89801BF68EDA00CED99A /* LaunchScreen.storyboard */; };
		5C4C898D1BF68EDA00CED99A /* testTests.m in Sources */ = {isa = PBXBuildFile; fileRef = 5C4C898C1BF68EDA00CED99A /* testTests.m */; };
		5C4C89981BF68EDA00CED99A /* testUITests.m in Sources */ = {isa = PBXBuildFile; fileRef = 5C4C89971BF68EDA00CED99A /* testUITests.m */; };
/* End PBXBuildFile section */

/* Begin PBXContainerItemProxy section */
		5C4C89891BF68EDA00CED99A /* PBXContainerItemProxy */ = {
			isa = PBXContainerItemProxy;
			containerPortal = 5C4C89651BF68EDA00CED99A /* Project object */;
			proxyType = 1;
			remoteGlobalIDString = 5C4C896C1BF68EDA00CED99A;
			remoteInfo = test;
		};
		5C4C89941BF68EDA00CED99A /* PBXContainerItemProxy */ = {
			isa = PBXContainerItemProxy;
			containerPortal = 5C4C89651BF68EDA00CED99A /* Project object */;
			proxyType = 1;
			remoteGlobalIDString = 5C4C896C1BF68EDA00CED99A;
			remoteInfo = test;
		};
/* End PBXContainerItemProxy section */

/* Begin PBXFileReference section */
		5C4C896D1BF68EDA00CED99A /* test.app */ = {isa = PBXFileReference; explicitFileType = wrapper.application; includeInIndex = 0; path = test.app; sourceTree = BUILT_PRODUCTS_DIR; };
		5C4C89711BF68EDA00CED99A /* main.m */ = {isa = PBXFileReference; lastKnownFileType = sourcecode.c.objc; path = main.m; sourceTree = "<group>"; };
		5C4C89731BF68EDA00CED99A /* AppDelegate.h */ = {isa = PBXFileReference; lastKnownFileType = sourcecode.c.h; path = AppDelegate.h; sourceTree = "<group>"; };
		5C4C89741BF68EDA00CED99A /* AppDelegate.m */ = {isa = PBXFileReference; lastKnownFileType = sourcecode.c.objc; path = AppDelegate.m; sourceTree = "<group>"; };
		5C4C89761BF68EDA00CED99A /* art.scnassets */ = {isa = PBXFileReference; lastKnownFileType = wrapper.scnassets; path = art.scnassets; sourceTree = "<group>"; };
		5C4C89781BF68EDA00CED99A /* GameViewController.h */ = {isa = PBXFileReference; lastKnownFileType = sourcecode.c.h; path = GameViewController.h; sourceTree = "<group>"; };
		5C4C89791BF68EDA00CED99A /* GameViewController.m */ = {isa = PBXFileReference; lastKnownFileType = sourcecode.c.objc; path = GameViewController.m; sourceTree = "<group>"; };
		5C4C897C1BF68EDA00CED99A /* Base */ = {isa = PBXFileReference; lastKnownFileType = file.storyboard; name = Base; path = Base.lproj/Main.storyboard; sourceTree = "<group>"; };
		5C4C897E1BF68EDA00CED99A /* Assets.xcassets */ = {isa = PBXFileReference; lastKnownFileType = folder.assetcatalog; path = Assets.xcassets; sourceTree = "<group>"; };
		5C4C89811BF68EDA00CED99A /* Base */ = {isa = PBXFileReference; lastKnownFileType = file.storyboard; name = Base; path = Base.lproj/LaunchScreen.storyboard; sourceTree = "<group>"; };
		5C4C89831BF68EDA00CED99A /* Info.plist */ = {isa = PBXFileReference; lastKnownFileType = text.plist.xml; path = Info.plist; sourceTree = "<group>"; };
		5C4C89881BF68EDA00CED99A /* testTests.xctest */ = {isa = PBXFileReference; explicitFileType = wrapper.cfbundle; includeInIndex = 0; path = testTests.xctest; sourceTree = BUILT_PRODUCTS_DIR; };
		5C4C898C1BF68EDA00CED99A /* testTests.m */ = {isa = PBXFileReference; lastKnownFileType = sourcecode.c.objc; path = testTests.m; sourceTree = "<group>"; };
		5C4C898E1BF68EDA00CED99A /* Info.plist */ = {isa = PBXFileReference; lastKnownFileType = text.plist.xml; path = Info.plist; sourceTree = "<group>"; };
		5C4C89931BF68EDA00CED99A /* testUITests.xctest */ = {isa = PBXFileReference; explicitFileType = wrapper.cfbundle; includeInIndex = 0; path = testUITests.xctest; sourceTree = BUILT_PRODUCTS_DIR; };
		5C4C89971BF68EDA00CED99A /* testUITests.m */ = {isa = PBXFileReference; lastKnownFileType = sourcecode.c.objc; path = testUITests.m; sourceTree = "<group>"; };
		5C4C89991BF68EDA00CED99A /* Info.plist */ = {isa = PBXFileReference; lastKnownFileType = text.plist.xml; path = Info.plist; sourceTree = "<group>"; };
/* End PBXFileReference section */

/* Begin PBXFrameworksBuildPhase section */
		5C4C896A1BF68EDA00CED99A /* Frameworks */ = {
			isa = PBXFrameworksBuildPhase;
			buildActionMask = 2147483647;
			files = (
			);
			runOnlyForDeploymentPostprocessing = 0;
		};
		5C4C89851BF68EDA00CED99A /* Frameworks */ = {
			isa = PBXFrameworksBuildPhase;
			buildActionMask = 2147483647;
			files = (
			);
			runOnlyForDeploymentPostprocessing = 0;
		};
		5C4C89901BF68EDA00CED99A /* Frameworks */ = {
			isa = PBXFrameworksBuildPhase;
			buildActionMask = 2147483647;
			files = (
			);
			runOnlyForDeploymentPostprocessing = 0;
		};
/* End PBXFrameworksBuildPhase section */

/* Begin PBXGroup section */
		5C4C89641BF68EDA00CED99A = {
			isa = PBXGroup;
			children = (
				5C4C896F1BF68EDA00CED99A /* test */,
				5C4C898B1BF68EDA00CED99A /* testTests */,
				5C4C89961BF68EDA00CED99A /* testUITests */,
				5C4C896E1BF68EDA00CED99A /* Products */,
			);
			sourceTree = "<group>";
		};
		5C4C896E1BF68EDA00CED99A /* Products */ = {
			isa = PBXGroup;
			children = (
				5C4C896D1BF68EDA00CED99A /* test.app */,
				5C4C89881BF68EDA00CED99A /* testTests.xctest */,
				5C4C89931BF68EDA00CED99A /* testUITests.xctest */,
			);
			name = Products;
			sourceTree = "<group>";
		};
		5C4C896F1BF68EDA00CED99A /* test */ = {
			isa = PBXGroup;
			children = (
				5C4C89731BF68EDA00CED99A /* AppDelegate.h */,
				5C4C89741BF68EDA00CED99A /* AppDelegate.m */,
				5C4C89761BF68EDA00CED99A /* art.scnassets */,
				5C4C89781BF68EDA00CED99A /* GameViewController.h */,
				5C4C89791BF68EDA00CED99A /* GameViewController.m */,
				5C4C897B1BF68EDA00CED99A /* Main.storyboard */,
				5C4C897E1BF68EDA00CED99A /* Assets.xcassets */,
				5C4C89801BF68EDA00CED99A /* LaunchScreen.storyboard */,
				5C4C89831BF68EDA00CED99A /* Info.plist */,
				5C4C89701BF68EDA00CED99A /* Supporting Files */,
			);
			path = test;
			sourceTree = "<group>";
		};
		5C4C89701BF68EDA00CED99A /* Supporting Files */ = {
			isa = PBXGroup;
			children = (
				5C4C89711BF68EDA00CED99A /* main.m */,
			);
			name = "Supporting Files";
			sourceTree = "<group>";
		};
		5C4C898B1BF68EDA00CED99A /* testTests */ = {
			isa = PBXGroup;
			children = (
				5C4C898C1BF68EDA00CED99A /* testTests.m */,
				5C4C898E1BF68EDA00CED99A /* Info.plist */,
			);
			path = testTests;
			sourceTree = "<group>";
		};
		5C4C89961BF68EDA00CED99A /* testUITests */ = {
			isa = PBXGroup;
			children = (
				5C4C89971BF68EDA00CED99A /* testUITests.m */,
				5C4C89991BF68EDA00CED99A /* Info.plist */,
			);
			path = testUITests;
			sourceTree = "<group>";
		};
/* End PBXGroup section */

/* Begin PBXNativeTarget section */
		5C4C896C1BF68EDA00CED99A /* test */ = {
			isa = PBXNativeTarget;
			buildConfigurationList = 5C4C899C1BF68EDA00CED99A /* Build configuration list for PBXNativeTarget "test" */;
			buildPhases = (
				5C4C89691BF68EDA00CED99A /* Sources */,
				5C4C896A1BF68EDA00CED99A /* Frameworks */,
				5C4C896B1BF68EDA00CED99A /* Resources */,
			);
			buildRules = (
			);
			dependencies = (
			);
			name = test;
			productName = test;
			productReference = 5C4C896D1BF68EDA00CED99A /* test.app */;
			productType = "com.apple.product-type.application";
		};
		5C4C89871BF68EDA00CED99A /* testTests */ = {
			isa = PBXNativeTarget;
			buildConfigurationList = 5C4C899F1BF68EDA00CED99A /* Build configuration list for PBXNativeTarget "testTests" */;
			buildPhases = (
				5C4C89841BF68EDA00CED99A /* Sources */,
				5C4C89851BF68EDA00CED99A /* Frameworks */,
				5C4C89861BF68EDA00CED99A /* Resources */,
			);
			buildRules = (
			);
			dependencies = (
				5C4C898A1BF68EDA00CED99A /* PBXTargetDependency */,
			);
			name = testTests;
			productName = testTests;
			productReference = 5C4C89881BF68EDA00CED99A /* testTests.xctest */;
			productType = "com.apple.product-type.bundle.unit-test";
		};
		5C4C89921BF68EDA00CED99A /* testUITests */ = {
			isa = PBXNativeTarget;
			buildConfigurationList = 5C4C89A21BF68EDA00CED99A /* Build configuration list for PBXNativeTarget "testUITests" */;
			buildPhases = (
				5C4C898F1BF68EDA00CED99A /* Sources */,
				5C4C89901BF68EDA00CED99A /* Frameworks */,
				5C4C89911BF68EDA00CED99A /* Resources */,
			);
			buildRules = (
			);
			dependencies = (
				5C4C89951BF68EDA00CED99A /* PBXTargetDependency */,
			);
			name = testUITests;
			productName = testUITests;
			productReference = 5C4C89931BF68EDA00CED99A /* testUITests.xctest */;
			productType = "com.apple.product-type.bundle.ui-testing";
		};
/* End PBXNativeTarget section */

/* Begin PBXProject section */
		5C4C89651BF68EDA00CED99A /* Project object */ = {
			isa = PBXProject;
			attributes = {
				LastUpgradeCheck = 0710;
				ORGANIZATIONNAME = "Hassan Farooq";
				TargetAttributes = {
					5C4C896C1BF68EDA00CED99A = {
						CreatedOnToolsVersion = 7.1.1;
					};
					5C4C89871BF68EDA00CED99A = {
						CreatedOnToolsVersion = 7.1.1;
						TestTargetID = 5C4C896C1BF68EDA00CED99A;
					};
					5C4C89921BF68EDA00CED99A = {
						CreatedOnToolsVersion = 7.1.1;
						TestTargetID = 5C4C896C1BF68EDA00CED99A;
					};
				};
			};
			buildConfigurationList = 5C4C89681BF68EDA00CED99A /* Build configuration list for PBXProject "test" */;
			compatibilityVersion = "Xcode 3.2";
			developmentRegion = English;
			hasScannedForEncodings = 0;
			knownRegions = (
				en,
				Base,
			);
			mainGroup = 5C4C89641BF68EDA00CED99A;
			productRefGroup = 5C4C896E1BF68EDA00CED99A /* Products */;
			projectDirPath = "";
			projectRoot = "";
			targets = (
				5C4C896C1BF68EDA00CED99A /* test */,
				5C4C89871BF68EDA00CED99A /* testTests */,
				5C4C89921BF68EDA00CED99A /* testUITests */,
			);
		};
/* End PBXProject section */

/* Begin PBXResourcesBuildPhase section */
		5C4C896B1BF68EDA00CED99A /* Resources */ = {
			isa = PBXResourcesBuildPhase;
			buildActionMask = 2147483647;
			files = (
				5C4C89771BF68EDA00CED99A /* art.scnassets in Resources */,
				5C4C89821BF68EDA00CED99A /* LaunchScreen.storyboard in Resources */,
				5C4C897F1BF68EDA00CED99A /* Assets.xcassets in Resources */,
				5C4C897D1BF68EDA00CED99A /* Main.storyboard in Resources */,
			);
			runOnlyForDeploymentPostprocessing = 0;
		};
		5C4C89861BF68EDA00CED99A /* Resources */ = {
			isa = PBXResourcesBuildPhase;
			buildActionMask = 2147483647;
			files = (
			);
			runOnlyForDeploymentPostprocessing = 0;
		};
		5C4C89911BF68EDA00CED99A /* Resources */ = {
			isa = PBXResourcesBuildPhase;
			buildActionMask = 2147483647;
			files = (
			);
			runOnlyForDeploymentPostprocessing = 0;
		};
/* End PBXResourcesBuildPhase section */

/* Begin PBXSourcesBuildPhase section */
		5C4C89691BF68EDA00CED99A /* Sources */ = {
			isa = PBXSourcesBuildPhase;
			buildActionMask = 2147483647;
			files = (
				5C4C89751BF68EDA00CED99A /* AppDelegate.m in Sources */,
				5C4C897A1BF68EDA00CED99A /* GameViewController.m in Sources */,
				5C4C89721BF68EDA00CED99A /* main.m in Sources */,
			);
			runOnlyForDeploymentPostprocessing = 0;
		};
		5C4C89841BF68EDA00CED99A /* Sources */ = {
			isa = PBXSourcesBuildPhase;
			buildActionMask = 2147483647;
			files = (
				5C4C898D1BF68EDA00CED99A /* testTests.m in Sources */,
			);
			runOnlyForDeploymentPostprocessing = 0;
		};
		5C4C898F1BF68EDA00CED99A /* Sources */ = {
			isa = PBXSourcesBuildPhase;
			buildActionMask = 2147483647;
			files = (
				5C4C89981BF68EDA00CED99A /* testUITests.m in Sources */,
			);
			runOnlyForDeploymentPostprocessing = 0;
		};
/* End PBXSourcesBuildPhase section */

/* Begin PBXTargetDependency section */
		5C4C898A1BF68EDA00CED99A /* PBXTargetDependency */ = {
			isa = PBXTargetDependency;
			target = 5C4C896C1BF68EDA00CED99A /* test */;
			targetProxy = 5C4C89891BF68EDA00CED99A /* PBXContainerItemProxy */;
		};
		5C4C89951BF68EDA00CED99A /* PBXTargetDependency */ = {
			isa = PBXTargetDependency;
			target = 5C4C896C1BF68EDA00CED99A /* test */;
			targetProxy = 5C4C89941BF68EDA00CED99A /* PBXContainerItemProxy */;
		};
/* End PBXTargetDependency section */

/* Begin PBXVariantGroup section */
		5C4C897B1BF68EDA00CED99A /* Main.storyboard */ = {
			isa = PBXVariantGroup;
			children = (
				5C4C897C1BF68EDA00CED99A /* Base */,
			);
			name = Main.storyboard;
			sourceTree = "<group>";
		};
		5C4C89801BF68EDA00CED99A /* LaunchScreen.storyboard */ = {
			isa = PBXVariantGroup;
			children = (
				5C4C89811BF68EDA00CED99A /* Base */,
			);
			name = LaunchScreen.storyboard;
			sourceTree = "<group>";
		};
/* End PBXVariantGroup section */

/* Begin XCBuildConfiguration section */
		5C4C899A1BF68EDA00CED99A /* Debug */ = {
			isa = XCBuildConfiguration;
			buildSettings = {
				ALWAYS_SEARCH_USER_PATHS = NO;
				CLANG_CXX_LANGUAGE_STANDARD = "gnu++0x";
				CLANG_CXX_LIBRARY = "libc++";
				CLANG_ENABLE_MODULES = YES;
				CLANG_ENABLE_OBJC_ARC = YES;
				CLANG_WARN_BOOL_CONVERSION = YES;
				CLANG_WARN_CONSTANT_CONVERSION = YES;
				CLANG_WARN_DIRECT_OBJC_ISA_USAGE = YES_ERROR;
				CLANG_WARN_EMPTY_BODY = YES;
				CLANG_WARN_ENUM_CONVERSION = YES;
				CLANG_WARN_INT_CONVERSION = YES;
				CLANG_WARN_OBJC_ROOT_CLASS = YES_ERROR;
				CLANG_WARN_UNREACHABLE_CODE = YES;
				CLANG_WARN__DUPLICATE_METHOD_MATCH = YES;
				"CODE_SIGN_IDENTITY[sdk=iphoneos*]" = "iPhone Developer";
				COPY_PHASE_STRIP = NO;
				DEBUG_INFORMATION_FORMAT = "dwarf-with-dsym";
				ENABLE_STRICT_OBJC_MSGSEND = YES;
				ENABLE_TESTABILITY = YES;
				GCC_C_LANGUAGE_STANDARD = gnu99;
				GCC_DYNAMIC_NO_PIC = NO;
				GCC_NO_COMMON_BLOCKS = YES;
				GCC_OPTIMIZATION_LEVEL = 0;
				GCC_PREPROCESSOR_DEFINITIONS = (
					"DEBUG=1",
					"$(inherited)",
				);
				GCC_WARN_64_TO_32_BIT_CONVERSION = YES;
				GCC_WARN_ABOUT_RETURN_TYPE = YES_ERROR;
				GCC_WARN_UNDECLARED_SELECTOR = YES;
				GCC_WARN_UNINITIALIZED_AUTOS = YES_AGGRESSIVE;
				GCC_WARN_UNUSED_FUNCTION = YES;
				GCC_WARN_UNUSED_VARIABLE = YES;
				IPHONEOS_DEPLOYMENT_TARGET = 9.1;
				MTL_ENABLE_DEBUG_INFO = YES;
				ONLY_ACTIVE_ARCH = YES;
				SDKROOT = iphoneos;
			};
			name = Debug;
		};
		5C4C899B1BF68EDA00CED99A /* Release */ = {
			isa = XCBuildConfiguration;
			buildSettings = {
				ALWAYS_SEARCH_USER_PATHS = NO;
				CLANG_CXX_LANGUAGE_STANDARD = "gnu++0x";
				CLANG_CXX_LIBRARY = "libc++";
				CLANG_ENABLE_MODULES = YES;
				CLANG_ENABLE_OBJC_ARC = YES;
				CLANG_WARN_BOOL_CONVERSION = YES;
				CLANG_WARN_CONSTANT_CONVERSION = YES;
				CLANG_WARN_DIRECT_OBJC_ISA_USAGE = YES_ERROR;
				CLANG_WARN_EMPTY_BODY = YES;
				CLANG_WARN_ENUM_CONVERSION = YES;
				CLANG_WARN_INT_CONVERSION = YES;
				CLANG_WARN_OBJC_ROOT_CLASS = YES_ERROR;
				CLANG_WARN_UNREACHABLE_CODE = YES;
				CLANG_WARN__DUPLICATE_METHOD_MATCH = YES;
				"CODE_SIGN_IDENTITY[sdk=iphoneos*]" = "iPhone Developer";
				COPY_PHASE_STRIP = NO;
				DEBUG_INFORMATION_FORMAT = "dwarf-with-dsym";
				ENABLE_NS_ASSERTIONS = NO;
				ENABLE_STRICT_OBJC_MSGSEND = YES;
				GCC_C_LANGUAGE_STANDARD = gnu99;
				GCC_NO_COMMON_BLOCKS = YES;
				GCC_WARN_64_TO_32_BIT_CONVERSION = YES;
				GCC_WARN_ABOUT_RETURN_TYPE = YES_ERROR;
				GCC_WARN_UNDECLARED_SELECTOR = YES;
				GCC_WARN_UNINITIALIZED_AUTOS = YES_AGGRESSIVE;
				GCC_WARN_UNUSED_FUNCTION = YES;
				GCC_WARN_UNUSED_VARIABLE = YES;
				IPHONEOS_DEPLOYMENT_TARGET = 9.1;
				MTL_ENABLE_DEBUG_INFO = NO;
				SDKROOT = iphoneos;
				VALIDATE_PRODUCT = YES;
			};
			name = Release;
		};
		5C4C899D1BF68EDA00CED99A /* Debug */ = {
			isa = XCBuildConfiguration;
			buildSettings = {
				ASSETCATALOG_COMPILER_APPICON_NAME = AppIcon;
				INFOPLIST_FILE = test/Info.plist;
				IPHONEOS_DEPLOYMENT_TARGET = 9.0;
				LD_RUNPATH_SEARCH_PATHS = "$(inherited) @executable_path/Frameworks";
				PRODUCT_BUNDLE_IDENTIFIER = com.t.test.test;
				PRODUCT_NAME = "$(TARGET_NAME)";
			};
			name = Debug;
		};
		5C4C899E1BF68EDA00CED99A /* Release */ = {
			isa = XCBuildConfiguration;
			buildSettings = {
				ASSETCATALOG_COMPILER_APPICON_NAME = AppIcon;
				INFOPLIST_FILE = test/Info.plist;
				IPHONEOS_DEPLOYMENT_TARGET = 9.0;
				LD_RUNPATH_SEARCH_PATHS = "$(inherited) @executable_path/Frameworks";
				PRODUCT_BUNDLE_IDENTIFIER = com.t.test.test;
				PRODUCT_NAME = "$(TARGET_NAME)";
			};
			name = Release;
		};
		5C4C89A01BF68EDA00CED99A /* Debug */ = {
			isa = XCBuildConfiguration;
			buildSettings = {
				BUNDLE_LOADER = "$(TEST_HOST)";
				DEBUG_INFORMATION_FORMAT = dwarf;
				INFOPLIST_FILE = testTests/Info.plist;
				LD_RUNPATH_SEARCH_PATHS = "$(inherited) @executable_path/Frameworks @loader_path/Frameworks";
				PRODUCT_BUNDLE_IDENTIFIER = com.t.test.testTests;
				PRODUCT_NAME = "$(TARGET_NAME)";
				TEST_HOST = "$(BUILT_PRODUCTS_DIR)/test.app/test";
			};
			name = Debug;
		};
		5C4C89A11BF68EDA00CED99A /* Release */ = {
			isa = XCBuildConfiguration;
			buildSettings = {
				BUNDLE_LOADER = "$(TEST_HOST)";
				INFOPLIST_FILE = testTests/Info.plist;
				LD_RUNPATH_SEARCH_PATHS = "$(inherited) @executable_path/Frameworks @loader_path/Frameworks";
				PRODUCT_BUNDLE_IDENTIFIER = com.t.test.testTests;
				PRODUCT_NAME = "$(TARGET_NAME)";
				TEST_HOST = "$(BUILT_PRODUCTS_DIR)/test.app/test";
			};
			name = Release;
		};
		5C4C89A31BF68EDA00CED99A /* Debug */ = {
			isa = XCBuildConfiguration;
			buildSettings = {
				DEBUG_INFORMATION_FORMAT = dwarf;
				INFOPLIST_FILE = testUITests/Info.plist;
				LD_RUNPATH_SEARCH_PATHS = "$(inherited) @executable_path/Frameworks @loader_path/Frameworks";
				PRODUCT_BUNDLE_IDENTIFIER = com.t.test.testUITests;
				PRODUCT_NAME = "$(TARGET_NAME)";
				TEST_TARGET_NAME = test;
				USES_XCTRUNNER = YES;
			};
			name = Debug;
		};
		5C4C89A41BF68EDA00CED99A /* Release */ = {
			isa = XCBuildConfiguration;
			buildSettings = {
				INFOPLIST_FILE = testUITests/Info.plist;
				LD_RUNPATH_SEARCH_PATHS = "$(inherited) @executable_path/Frameworks @loader_path/Frameworks";
				PRODUCT_BUNDLE_IDENTIFIER = com.t.test.testUITests;
				PRODUCT_NAME = "$(TARGET_NAME)";
				TEST_TARGET_NAME = test;
				USES_XCTRUNNER = YES;
			};
			name = Release;
		};
/* End XCBuildConfiguration section */

/* Begin XCConfigurationList section */
		5C4C89681BF68EDA00CED99A /* Build configuration list for PBXProject "test" */ = {
			isa = XCConfigurationList;
			buildConfigurations = (
				5C4C899A1BF68EDA00CED99A /* Debug */,
				5C4C899B1BF68EDA00CED99A /* Release */,
			);
			defaultConfigurationIsVisible = 0;
			defaultConfigurationName = Release;
		};
		5C4C899C1BF68EDA00CED99A /* Build configuration list for PBXNativeTarget "test" */ = {
			isa = XCConfigurationList;
			buildConfigurations = (
				5C4C899D1BF68EDA00CED99A /* Debug */,
				5C4C899E1BF68EDA00CED99A /* Release */,
			);
			defaultConfigurationIsVisible = 0;
		};
		5C4C899F1BF68EDA00CED99A /* Build configuration list for PBXNativeTarget "testTests" */ = {
			isa = XCConfigurationList;
			buildConfigurations = (
				5C4C89A01BF68EDA00CED99A /* Debug */,
				5C4C89A11BF68EDA00CED99A /* Release */,
			);
			defaultConfigurationIsVisible = 0;
		};
		5C4C89A21BF68EDA00CED99A /* Build configuration list for PBXNativeTarget "testUITests" */ = {
			isa = XCConfigurationList;
			buildConfigurations = (
				5C4C89A31BF68EDA00CED99A /* Debug */,
				5C4C89A41BF68EDA00CED99A /* Release */,
			);
			defaultConfigurationIsVisible = 0;
		};
/* End XCConfigurationList section */
	};
	rootObject = 5C4C89651BF68EDA00CED99A /* Project object */;
}
