// !$*UTF8*$!
{
	archiveVersion = 1;
	classes = {
	};
	objectVersion = 46;
	objects = {

/* Begin PBXBuildFile section */
		5C268A3E1931696600EDB642 /* white.png in Resources */ = {isa = PBXBuildFile; fileRef = 5C268A3D1931696600EDB642 /* white.png */; };
		5C2EE0F8192AE5830061DC5D /* Social.framework in Frameworks */ = {isa = PBXBuildFile; fileRef = 5C2EE0F7192AE5830061DC5D /* Social.framework */; };
		5C2EE0FA192AE5890061DC5D /* Accounts.framework in Frameworks */ = {isa = PBXBuildFile; fileRef = 5C2EE0F9192AE5890061DC5D /* Accounts.framework */; };
		5C2EE13F192AE8500061DC5D /* Twitter.framework in Frameworks */ = {isa = PBXBuildFile; fileRef = 5C2EE13E192AE8500061DC5D /* Twitter.framework */; };
		5CC4976018F0681500427F9D /* MessageUI.framework in Frameworks */ = {isa = PBXBuildFile; fileRef = 5CC4975F18F0681500427F9D /* MessageUI.framework */; };
		5CDB52D218E662C400DA28F3 /* Foundation.framework in Frameworks */ = {isa = PBXBuildFile; fileRef = 5CDB52D118E662C400DA28F3 /* Foundation.framework */; };
		5CDB52D418E662C400DA28F3 /* CoreGraphics.framework in Frameworks */ = {isa = PBXBuildFile; fileRef = 5CDB52D318E662C400DA28F3 /* CoreGraphics.framework */; };
		5CDB52D618E662C400DA28F3 /* UIKit.framework in Frameworks */ = {isa = PBXBuildFile; fileRef = 5CDB52D518E662C400DA28F3 /* UIKit.framework */; };
		5CDB52DC18E662C400DA28F3 /* InfoPlist.strings in Resources */ = {isa = PBXBuildFile; fileRef = 5CDB52DA18E662C400DA28F3 /* InfoPlist.strings */; };
		5CDB52DE18E662C400DA28F3 /* main.m in Sources */ = {isa = PBXBuildFile; fileRef = 5CDB52DD18E662C400DA28F3 /* main.m */; };
		5CDB52E218E662C400DA28F3 /* AppDelegate.m in Sources */ = {isa = PBXBuildFile; fileRef = 5CDB52E118E662C400DA28F3 /* AppDelegate.m */; };
		5CDB52E518E662C400DA28F3 /* Main.storyboard in Resources */ = {isa = PBXBuildFile; fileRef = 5CDB52E318E662C400DA28F3 /* Main.storyboard */; };
		5CDB52E818E662C400DA28F3 /* ViewController.m in Sources */ = {isa = PBXBuildFile; fileRef = 5CDB52E718E662C400DA28F3 /* ViewController.m */; };
		5CDB52EA18E662C400DA28F3 /* Images.xcassets in Resources */ = {isa = PBXBuildFile; fileRef = 5CDB52E918E662C400DA28F3 /* Images.xcassets */; };
		5CDB52F118E662C400DA28F3 /* XCTest.framework in Frameworks */ = {isa = PBXBuildFile; fileRef = 5CDB52F018E662C400DA28F3 /* XCTest.framework */; };
		5CDB52F218E662C400DA28F3 /* Foundation.framework in Frameworks */ = {isa = PBXBuildFile; fileRef = 5CDB52D118E662C400DA28F3 /* Foundation.framework */; };
		5CDB52F318E662C400DA28F3 /* UIKit.framework in Frameworks */ = {isa = PBXBuildFile; fileRef = 5CDB52D518E662C400DA28F3 /* UIKit.framework */; };
		5CDB52FB18E662C400DA28F3 /* InfoPlist.strings in Resources */ = {isa = PBXBuildFile; fileRef = 5CDB52F918E662C400DA28F3 /* InfoPlist.strings */; };
		5CDB52FD18E662C400DA28F3 /* MapCoordinatesTests.m in Sources */ = {isa = PBXBuildFile; fileRef = 5CDB52FC18E662C400DA28F3 /* MapCoordinatesTests.m */; };
		5CDB530718E6630E00DA28F3 /* MapKit.framework in Frameworks */ = {isa = PBXBuildFile; fileRef = 5CDB530618E6630E00DA28F3 /* MapKit.framework */; };
		5CDB530918E6637E00DA28F3 /* CoreLocation.framework in Frameworks */ = {isa = PBXBuildFile; fileRef = 5CDB530818E6637E00DA28F3 /* CoreLocation.framework */; };
/* End PBXBuildFile section */

/* Begin PBXContainerItemProxy section */
		5CDB52F418E662C400DA28F3 /* PBXContainerItemProxy */ = {
			isa = PBXContainerItemProxy;
			containerPortal = 5CDB52C618E662C400DA28F3 /* Project object */;
			proxyType = 1;
			remoteGlobalIDString = 5CDB52CD18E662C400DA28F3;
			remoteInfo = MapCoordinates;
		};
/* End PBXContainerItemProxy section */

/* Begin PBXFileReference section */
		5C268A3D1931696600EDB642 /* white.png */ = {isa = PBXFileReference; lastKnownFileType = image.png; path = white.png; sourceTree = "<group>"; };
		5C2EE0F7192AE5830061DC5D /* Social.framework */ = {isa = PBXFileReference; lastKnownFileType = wrapper.framework; name = Social.framework; path = System/Library/Frameworks/Social.framework; sourceTree = SDKROOT; };
		5C2EE0F9192AE5890061DC5D /* Accounts.framework */ = {isa = PBXFileReference; lastKnownFileType = wrapper.framework; name = Accounts.framework; path = System/Library/Frameworks/Accounts.framework; sourceTree = SDKROOT; };
		5C2EE13E192AE8500061DC5D /* Twitter.framework */ = {isa = PBXFileReference; lastKnownFileType = wrapper.framework; name = Twitter.framework; path = System/Library/Frameworks/Twitter.framework; sourceTree = SDKROOT; };
		5CC4975F18F0681500427F9D /* MessageUI.framework */ = {isa = PBXFileReference; lastKnownFileType = wrapper.framework; name = MessageUI.framework; path = System/Library/Frameworks/MessageUI.framework; sourceTree = SDKROOT; };
		5CDB52CE18E662C400DA28F3 /* Map Finder+Tracker.app */ = {isa = PBXFileReference; explicitFileType = wrapper.application; includeInIndex = 0; path = "Map Finder+Tracker.app"; sourceTree = BUILT_PRODUCTS_DIR; };
		5CDB52D118E662C400DA28F3 /* Foundation.framework */ = {isa = PBXFileReference; lastKnownFileType = wrapper.framework; name = Foundation.framework; path = System/Library/Frameworks/Foundation.framework; sourceTree = SDKROOT; };
		5CDB52D318E662C400DA28F3 /* CoreGraphics.framework */ = {isa = PBXFileReference; lastKnownFileType = wrapper.framework; name = CoreGraphics.framework; path = System/Library/Frameworks/CoreGraphics.framework; sourceTree = SDKROOT; };
		5CDB52D518E662C400DA28F3 /* UIKit.framework */ = {isa = PBXFileReference; lastKnownFileType = wrapper.framework; name = UIKit.framework; path = System/Library/Frameworks/UIKit.framework; sourceTree = SDKROOT; };
		5CDB52D918E662C400DA28F3 /* Map Finder+Tracker-Info.plist */ = {isa = PBXFileReference; lastKnownFileType = text.plist.xml; path = "Map Finder+Tracker-Info.plist"; sourceTree = "<group>"; };
		5CDB52DB18E662C400DA28F3 /* en */ = {isa = PBXFileReference; lastKnownFileType = text.plist.strings; name = en; path = en.lproj/InfoPlist.strings; sourceTree = "<group>"; };
		5CDB52DD18E662C400DA28F3 /* main.m */ = {isa = PBXFileReference; lastKnownFileType = sourcecode.c.objc; path = main.m; sourceTree = "<group>"; };
		5CDB52DF18E662C400DA28F3 /* Map Finder+Tracker-Prefix.pch */ = {isa = PBXFileReference; lastKnownFileType = sourcecode.c.h; path = "Map Finder+Tracker-Prefix.pch"; sourceTree = "<group>"; };
		5CDB52E018E662C400DA28F3 /* AppDelegate.h */ = {isa = PBXFileReference; lastKnownFileType = sourcecode.c.h; path = AppDelegate.h; sourceTree = "<group>"; };
		5CDB52E118E662C400DA28F3 /* AppDelegate.m */ = {isa = PBXFileReference; lastKnownFileType = sourcecode.c.objc; path = AppDelegate.m; sourceTree = "<group>"; };
		5CDB52E418E662C400DA28F3 /* Base */ = {isa = PBXFileReference; lastKnownFileType = file.storyboard; name = Base; path = Base.lproj/Main.storyboard; sourceTree = "<group>"; };
		5CDB52E618E662C400DA28F3 /* ViewController.h */ = {isa = PBXFileReference; lastKnownFileType = sourcecode.c.h; path = ViewController.h; sourceTree = "<group>"; };
		5CDB52E718E662C400DA28F3 /* ViewController.m */ = {isa = PBXFileReference; lastKnownFileType = sourcecode.c.objc; path = ViewController.m; sourceTree = "<group>"; };
		5CDB52E918E662C400DA28F3 /* Images.xcassets */ = {isa = PBXFileReference; lastKnownFileType = folder.assetcatalog; path = Images.xcassets; sourceTree = "<group>"; };
		5CDB52EF18E662C400DA28F3 /* Map Finder+TrackerTests.xctest */ = {isa = PBXFileReference; explicitFileType = wrapper.cfbundle; includeInIndex = 0; path = "Map Finder+TrackerTests.xctest"; sourceTree = BUILT_PRODUCTS_DIR; };
		5CDB52F018E662C400DA28F3 /* XCTest.framework */ = {isa = PBXFileReference; lastKnownFileType = wrapper.framework; name = XCTest.framework; path = Library/Frameworks/XCTest.framework; sourceTree = DEVELOPER_DIR; };
		5CDB52F818E662C400DA28F3 /* MapCoordinatesTests-Info.plist */ = {isa = PBXFileReference; lastKnownFileType = text.plist.xml; path = "MapCoordinatesTests-Info.plist"; sourceTree = "<group>"; };
		5CDB52FA18E662C400DA28F3 /* en */ = {isa = PBXFileReference; lastKnownFileType = text.plist.strings; name = en; path = en.lproj/InfoPlist.strings; sourceTree = "<group>"; };
		5CDB52FC18E662C400DA28F3 /* MapCoordinatesTests.m */ = {isa = PBXFileReference; lastKnownFileType = sourcecode.c.objc; path = MapCoordinatesTests.m; sourceTree = "<group>"; };
		5CDB530618E6630E00DA28F3 /* MapKit.framework */ = {isa = PBXFileReference; lastKnownFileType = wrapper.framework; name = MapKit.framework; path = System/Library/Frameworks/MapKit.framework; sourceTree = SDKROOT; };
		5CDB530818E6637E00DA28F3 /* CoreLocation.framework */ = {isa = PBXFileReference; lastKnownFileType = wrapper.framework; name = CoreLocation.framework; path = System/Library/Frameworks/CoreLocation.framework; sourceTree = SDKROOT; };
/* End PBXFileReference section */

/* Begin PBXFrameworksBuildPhase section */
		5CDB52CB18E662C400DA28F3 /* Frameworks */ = {
			isa = PBXFrameworksBuildPhase;
			buildActionMask = 2147483647;
			files = (
				5C2EE13F192AE8500061DC5D /* Twitter.framework in Frameworks */,
				5C2EE0FA192AE5890061DC5D /* Accounts.framework in Frameworks */,
				5C2EE0F8192AE5830061DC5D /* Social.framework in Frameworks */,
				5CC4976018F0681500427F9D /* MessageUI.framework in Frameworks */,
				5CDB530918E6637E00DA28F3 /* CoreLocation.framework in Frameworks */,
				5CDB530718E6630E00DA28F3 /* MapKit.framework in Frameworks */,
				5CDB52D418E662C400DA28F3 /* CoreGraphics.framework in Frameworks */,
				5CDB52D618E662C400DA28F3 /* UIKit.framework in Frameworks */,
				5CDB52D218E662C400DA28F3 /* Foundation.framework in Frameworks */,
			);
			runOnlyForDeploymentPostprocessing = 0;
		};
		5CDB52EC18E662C400DA28F3 /* Frameworks */ = {
			isa = PBXFrameworksBuildPhase;
			buildActionMask = 2147483647;
			files = (
				5CDB52F118E662C400DA28F3 /* XCTest.framework in Frameworks */,
				5CDB52F318E662C400DA28F3 /* UIKit.framework in Frameworks */,
				5CDB52F218E662C400DA28F3 /* Foundation.framework in Frameworks */,
			);
			runOnlyForDeploymentPostprocessing = 0;
		};
/* End PBXFrameworksBuildPhase section */

/* Begin PBXGroup section */
		5CDB52C518E662C400DA28F3 = {
			isa = PBXGroup;
			children = (
				5CDB52D718E662C400DA28F3 /* MapCoordinates */,
				5CDB52F618E662C400DA28F3 /* MapCoordinatesTests */,
				5CDB52D018E662C400DA28F3 /* Frameworks */,
				5CDB52CF18E662C400DA28F3 /* Products */,
			);
			sourceTree = "<group>";
		};
		5CDB52CF18E662C400DA28F3 /* Products */ = {
			isa = PBXGroup;
			children = (
				5CDB52CE18E662C400DA28F3 /* Map Finder+Tracker.app */,
				5CDB52EF18E662C400DA28F3 /* Map Finder+TrackerTests.xctest */,
			);
			name = Products;
			sourceTree = "<group>";
		};
		5CDB52D018E662C400DA28F3 /* Frameworks */ = {
			isa = PBXGroup;
			children = (
				5C2EE13E192AE8500061DC5D /* Twitter.framework */,
				5C2EE0F9192AE5890061DC5D /* Accounts.framework */,
				5C2EE0F7192AE5830061DC5D /* Social.framework */,
				5CC4975F18F0681500427F9D /* MessageUI.framework */,
				5CDB530818E6637E00DA28F3 /* CoreLocation.framework */,
				5CDB530618E6630E00DA28F3 /* MapKit.framework */,
				5CDB52D118E662C400DA28F3 /* Foundation.framework */,
				5CDB52D318E662C400DA28F3 /* CoreGraphics.framework */,
				5CDB52D518E662C400DA28F3 /* UIKit.framework */,
				5CDB52F018E662C400DA28F3 /* XCTest.framework */,
			);
			name = Frameworks;
			sourceTree = "<group>";
		};
		5CDB52D718E662C400DA28F3 /* MapCoordinates */ = {
			isa = PBXGroup;
			children = (
				5CDB52E018E662C400DA28F3 /* AppDelegate.h */,
				5CDB52E118E662C400DA28F3 /* AppDelegate.m */,
				5CDB52E318E662C400DA28F3 /* Main.storyboard */,
				5CDB52E618E662C400DA28F3 /* ViewController.h */,
				5CDB52E718E662C400DA28F3 /* ViewController.m */,
				5CDB52E918E662C400DA28F3 /* Images.xcassets */,
				5CDB52D818E662C400DA28F3 /* Supporting Files */,
			);
			path = MapCoordinates;
			sourceTree = "<group>";
		};
		5CDB52D818E662C400DA28F3 /* Supporting Files */ = {
			isa = PBXGroup;
			children = (
				5C268A3D1931696600EDB642 /* white.png */,
				5CDB52D918E662C400DA28F3 /* Map Finder+Tracker-Info.plist */,
				5CDB52DA18E662C400DA28F3 /* InfoPlist.strings */,
				5CDB52DD18E662C400DA28F3 /* main.m */,
				5CDB52DF18E662C400DA28F3 /* Map Finder+Tracker-Prefix.pch */,
			);
			name = "Supporting Files";
			sourceTree = "<group>";
		};
		5CDB52F618E662C400DA28F3 /* MapCoordinatesTests */ = {
			isa = PBXGroup;
			children = (
				5CDB52FC18E662C400DA28F3 /* MapCoordinatesTests.m */,
				5CDB52F718E662C400DA28F3 /* Supporting Files */,
			);
			path = MapCoordinatesTests;
			sourceTree = "<group>";
		};
		5CDB52F718E662C400DA28F3 /* Supporting Files */ = {
			isa = PBXGroup;
			children = (
				5CDB52F818E662C400DA28F3 /* MapCoordinatesTests-Info.plist */,
				5CDB52F918E662C400DA28F3 /* InfoPlist.strings */,
			);
			name = "Supporting Files";
			sourceTree = "<group>";
		};
/* End PBXGroup section */

/* Begin PBXNativeTarget section */
		5CDB52CD18E662C400DA28F3 /* Map Finder+Tracker */ = {
			isa = PBXNativeTarget;
			buildConfigurationList = 5CDB530018E662C400DA28F3 /* Build configuration list for PBXNativeTarget "Map Finder+Tracker" */;
			buildPhases = (
				5CDB52CA18E662C400DA28F3 /* Sources */,
				5CDB52CB18E662C400DA28F3 /* Frameworks */,
				5CDB52CC18E662C400DA28F3 /* Resources */,
			);
			buildRules = (
			);
			dependencies = (
			);
			name = "Map Finder+Tracker";
			productName = MapCoordinates;
			productReference = 5CDB52CE18E662C400DA28F3 /* Map Finder+Tracker.app */;
			productType = "com.apple.product-type.application";
		};
		5CDB52EE18E662C400DA28F3 /* Map Finder+TrackerTests */ = {
			isa = PBXNativeTarget;
			buildConfigurationList = 5CDB530318E662C400DA28F3 /* Build configuration list for PBXNativeTarget "Map Finder+TrackerTests" */;
			buildPhases = (
				5CDB52EB18E662C400DA28F3 /* Sources */,
				5CDB52EC18E662C400DA28F3 /* Frameworks */,
				5CDB52ED18E662C400DA28F3 /* Resources */,
			);
			buildRules = (
			);
			dependencies = (
				5CDB52F518E662C400DA28F3 /* PBXTargetDependency */,
			);
			name = "Map Finder+TrackerTests";
			productName = MapCoordinatesTests;
			productReference = 5CDB52EF18E662C400DA28F3 /* Map Finder+TrackerTests.xctest */;
			productType = "com.apple.product-type.bundle.unit-test";
		};
/* End PBXNativeTarget section */

/* Begin PBXProject section */
		5CDB52C618E662C400DA28F3 /* Project object */ = {
			isa = PBXProject;
			attributes = {
				LastUpgradeCheck = 0510;
				ORGANIZATIONNAME = "Hassan Farooq";
				TargetAttributes = {
					5CDB52EE18E662C400DA28F3 = {
						TestTargetID = 5CDB52CD18E662C400DA28F3;
					};
				};
			};
			buildConfigurationList = 5CDB52C918E662C400DA28F3 /* Build configuration list for PBXProject "Map Finder+Tracker" */;
			compatibilityVersion = "Xcode 3.2";
			developmentRegion = English;
			hasScannedForEncodings = 0;
			knownRegions = (
				en,
				Base,
			);
			mainGroup = 5CDB52C518E662C400DA28F3;
			productRefGroup = 5CDB52CF18E662C400DA28F3 /* Products */;
			projectDirPath = "";
			projectRoot = "";
			targets = (
				5CDB52CD18E662C400DA28F3 /* Map Finder+Tracker */,
				5CDB52EE18E662C400DA28F3 /* Map Finder+TrackerTests */,
			);
		};
/* End PBXProject section */

/* Begin PBXResourcesBuildPhase section */
		5CDB52CC18E662C400DA28F3 /* Resources */ = {
			isa = PBXResourcesBuildPhase;
			buildActionMask = 2147483647;
			files = (
				5CDB52EA18E662C400DA28F3 /* Images.xcassets in Resources */,
				5C268A3E1931696600EDB642 /* white.png in Resources */,
				5CDB52DC18E662C400DA28F3 /* InfoPlist.strings in Resources */,
				5CDB52E518E662C400DA28F3 /* Main.storyboard in Resources */,
			);
			runOnlyForDeploymentPostprocessing = 0;
		};
		5CDB52ED18E662C400DA28F3 /* Resources */ = {
			isa = PBXResourcesBuildPhase;
			buildActionMask = 2147483647;
			files = (
				5CDB52FB18E662C400DA28F3 /* InfoPlist.strings in Resources */,
			);
			runOnlyForDeploymentPostprocessing = 0;
		};
/* End PBXResourcesBuildPhase section */

/* Begin PBXSourcesBuildPhase section */
		5CDB52CA18E662C400DA28F3 /* Sources */ = {
			isa = PBXSourcesBuildPhase;
			buildActionMask = 2147483647;
			files = (
				5CDB52E818E662C400DA28F3 /* ViewController.m in Sources */,
				5CDB52E218E662C400DA28F3 /* AppDelegate.m in Sources */,
				5CDB52DE18E662C400DA28F3 /* main.m in Sources */,
			);
			runOnlyForDeploymentPostprocessing = 0;
		};
		5CDB52EB18E662C400DA28F3 /* Sources */ = {
			isa = PBXSourcesBuildPhase;
			buildActionMask = 2147483647;
			files = (
				5CDB52FD18E662C400DA28F3 /* MapCoordinatesTests.m in Sources */,
			);
			runOnlyForDeploymentPostprocessing = 0;
		};
/* End PBXSourcesBuildPhase section */

/* Begin PBXTargetDependency section */
		5CDB52F518E662C400DA28F3 /* PBXTargetDependency */ = {
			isa = PBXTargetDependency;
			target = 5CDB52CD18E662C400DA28F3 /* Map Finder+Tracker */;
			targetProxy = 5CDB52F418E662C400DA28F3 /* PBXContainerItemProxy */;
		};
/* End PBXTargetDependency section */

/* Begin PBXVariantGroup section */
		5CDB52DA18E662C400DA28F3 /* InfoPlist.strings */ = {
			isa = PBXVariantGroup;
			children = (
				5CDB52DB18E662C400DA28F3 /* en */,
			);
			name = InfoPlist.strings;
			sourceTree = "<group>";
		};
		5CDB52E318E662C400DA28F3 /* Main.storyboard */ = {
			isa = PBXVariantGroup;
			children = (
				5CDB52E418E662C400DA28F3 /* Base */,
			);
			name = Main.storyboard;
			sourceTree = "<group>";
		};
		5CDB52F918E662C400DA28F3 /* InfoPlist.strings */ = {
			isa = PBXVariantGroup;
			children = (
				5CDB52FA18E662C400DA28F3 /* en */,
			);
			name = InfoPlist.strings;
			sourceTree = "<group>";
		};
/* End PBXVariantGroup section */

/* Begin XCBuildConfiguration section */
		5CDB52FE18E662C400DA28F3 /* Debug */ = {
			isa = XCBuildConfiguration;
			buildSettings = {
				ALWAYS_SEARCH_USER_PATHS = NO;
				CLANG_CXX_LANGUAGE_STANDARD = "gnu++0x";
				CLANG_CXX_LIBRARY = "libc++";
				CLANG_ENABLE_MODULES = YES;
				CLANG_ENABLE_OBJC_ARC = YES;
				CLANG_WARN_BOOL_CONVERSION = YES;
				CLANG_WARN_CONSTANT_CONVERSION = YES;
				CLANG_WARN_DIRECT_OBJC_ISA_USAGE = YES_ERROR;
				CLANG_WARN_EMPTY_BODY = YES;
				CLANG_WARN_ENUM_CONVERSION = YES;
				CLANG_WARN_INT_CONVERSION = YES;
				CLANG_WARN_OBJC_ROOT_CLASS = YES_ERROR;
				CLANG_WARN__DUPLICATE_METHOD_MATCH = YES;
				"CODE_SIGN_IDENTITY[sdk=iphoneos*]" = "iPhone Developer";
				COPY_PHASE_STRIP = NO;
				GCC_C_LANGUAGE_STANDARD = gnu99;
				GCC_DYNAMIC_NO_PIC = NO;
				GCC_OPTIMIZATION_LEVEL = 0;
				GCC_PREPROCESSOR_DEFINITIONS = (
					"DEBUG=1",
					"$(inherited)",
				);
				GCC_SYMBOLS_PRIVATE_EXTERN = NO;
				GCC_WARN_64_TO_32_BIT_CONVERSION = YES;
				GCC_WARN_ABOUT_RETURN_TYPE = YES_ERROR;
				GCC_WARN_UNDECLARED_SELECTOR = YES;
				GCC_WARN_UNINITIALIZED_AUTOS = YES_AGGRESSIVE;
				GCC_WARN_UNUSED_FUNCTION = YES;
				GCC_WARN_UNUSED_VARIABLE = YES;
				IPHONEOS_DEPLOYMENT_TARGET = 7.1;
				ONLY_ACTIVE_ARCH = YES;
				SDKROOT = iphoneos;
			};
			name = Debug;
		};
		5CDB52FF18E662C400DA28F3 /* Release */ = {
			isa = XCBuildConfiguration;
			buildSettings = {
				ALWAYS_SEARCH_USER_PATHS = NO;
				CLANG_CXX_LANGUAGE_STANDARD = "gnu++0x";
				CLANG_CXX_LIBRARY = "libc++";
				CLANG_ENABLE_MODULES = YES;
				CLANG_ENABLE_OBJC_ARC = YES;
				CLANG_WARN_BOOL_CONVERSION = YES;
				CLANG_WARN_CONSTANT_CONVERSION = YES;
				CLANG_WARN_DIRECT_OBJC_ISA_USAGE = YES_ERROR;
				CLANG_WARN_EMPTY_BODY = YES;
				CLANG_WARN_ENUM_CONVERSION = YES;
				CLANG_WARN_INT_CONVERSION = YES;
				CLANG_WARN_OBJC_ROOT_CLASS = YES_ERROR;
				CLANG_WARN__DUPLICATE_METHOD_MATCH = YES;
				"CODE_SIGN_IDENTITY[sdk=iphoneos*]" = "iPhone Developer";
				COPY_PHASE_STRIP = YES;
				ENABLE_NS_ASSERTIONS = NO;
				GCC_C_LANGUAGE_STANDARD = gnu99;
				GCC_WARN_64_TO_32_BIT_CONVERSION = YES;
				GCC_WARN_ABOUT_RETURN_TYPE = YES_ERROR;
				GCC_WARN_UNDECLARED_SELECTOR = YES;
				GCC_WARN_UNINITIALIZED_AUTOS = YES_AGGRESSIVE;
				GCC_WARN_UNUSED_FUNCTION = YES;
				GCC_WARN_UNUSED_VARIABLE = YES;
				IPHONEOS_DEPLOYMENT_TARGET = 7.1;
				SDKROOT = iphoneos;
				VALIDATE_PRODUCT = YES;
			};
			name = Release;
		};
		5CDB530118E662C400DA28F3 /* Debug */ = {
			isa = XCBuildConfiguration;
			buildSettings = {
				ASSETCATALOG_COMPILER_APPICON_NAME = AppIcon;
				ASSETCATALOG_COMPILER_LAUNCHIMAGE_NAME = LaunchImage;
				GCC_PRECOMPILE_PREFIX_HEADER = YES;
				GCC_PREFIX_HEADER = "MapCoordinates/Map Finder+Tracker-Prefix.pch";
				INFOPLIST_FILE = "MapCoordinates/Map Finder+Tracker-Info.plist";
				IPHONEOS_DEPLOYMENT_TARGET = 8.0;
				PRODUCT_NAME = "Map Finder+Tracker";
				WRAPPER_EXTENSION = app;
			};
			name = Debug;
		};
		5CDB530218E662C400DA28F3 /* Release */ = {
			isa = XCBuildConfiguration;
			buildSettings = {
				ASSETCATALOG_COMPILER_APPICON_NAME = AppIcon;
				ASSETCATALOG_COMPILER_LAUNCHIMAGE_NAME = LaunchImage;
				GCC_PRECOMPILE_PREFIX_HEADER = YES;
				GCC_PREFIX_HEADER = "MapCoordinates/Map Finder+Tracker-Prefix.pch";
				INFOPLIST_FILE = "MapCoordinates/Map Finder+Tracker-Info.plist";
				IPHONEOS_DEPLOYMENT_TARGET = 8.0;
				PRODUCT_NAME = "Map Finder+Tracker";
				WRAPPER_EXTENSION = app;
			};
			name = Release;
		};
		5CDB530418E662C400DA28F3 /* Debug */ = {
			isa = XCBuildConfiguration;
			buildSettings = {
				BUNDLE_LOADER = "$(BUILT_PRODUCTS_DIR)/MapCoordinates.app/MapCoordinates";
				FRAMEWORK_SEARCH_PATHS = (
					"$(SDKROOT)/Developer/Library/Frameworks",
					"$(inherited)",
					"$(DEVELOPER_FRAMEWORKS_DIR)",
				);
				GCC_PRECOMPILE_PREFIX_HEADER = YES;
				GCC_PREFIX_HEADER = "MapCoordinates/MapCoordinates-Prefix.pch";
				GCC_PREPROCESSOR_DEFINITIONS = (
					"DEBUG=1",
					"$(inherited)",
				);
				INFOPLIST_FILE = "MapCoordinatesTests/MapCoordinatesTests-Info.plist";
				PRODUCT_NAME = "Map Finder+TrackerTests";
				TEST_HOST = "$(BUNDLE_LOADER)";
				WRAPPER_EXTENSION = xctest;
			};
			name = Debug;
		};
		5CDB530518E662C400DA28F3 /* Release */ = {
			isa = XCBuildConfiguration;
			buildSettings = {
				BUNDLE_LOADER = "$(BUILT_PRODUCTS_DIR)/MapCoordinates.app/MapCoordinates";
				FRAMEWORK_SEARCH_PATHS = (
					"$(SDKROOT)/Developer/Library/Frameworks",
					"$(inherited)",
					"$(DEVELOPER_FRAMEWORKS_DIR)",
				);
				GCC_PRECOMPILE_PREFIX_HEADER = YES;
				GCC_PREFIX_HEADER = "MapCoordinates/MapCoordinates-Prefix.pch";
				INFOPLIST_FILE = "MapCoordinatesTests/MapCoordinatesTests-Info.plist";
				PRODUCT_NAME = "Map Finder+TrackerTests";
				TEST_HOST = "$(BUNDLE_LOADER)";
				WRAPPER_EXTENSION = xctest;
			};
			name = Release;
		};
/* End XCBuildConfiguration section */

/* Begin XCConfigurationList section */
		5CDB52C918E662C400DA28F3 /* Build configuration list for PBXProject "Map Finder+Tracker" */ = {
			isa = XCConfigurationList;
			buildConfigurations = (
				5CDB52FE18E662C400DA28F3 /* Debug */,
				5CDB52FF18E662C400DA28F3 /* Release */,
			);
			defaultConfigurationIsVisible = 0;
			defaultConfigurationName = Release;
		};
		5CDB530018E662C400DA28F3 /* Build configuration list for PBXNativeTarget "Map Finder+Tracker" */ = {
			isa = XCConfigurationList;
			buildConfigurations = (
				5CDB530118E662C400DA28F3 /* Debug */,
				5CDB530218E662C400DA28F3 /* Release */,
			);
			defaultConfigurationIsVisible = 0;
			defaultConfigurationName = Release;
		};
		5CDB530318E662C400DA28F3 /* Build configuration list for PBXNativeTarget "Map Finder+TrackerTests" */ = {
			isa = XCConfigurationList;
			buildConfigurations = (
				5CDB530418E662C400DA28F3 /* Debug */,
				5CDB530518E662C400DA28F3 /* Release */,
			);
			defaultConfigurationIsVisible = 0;
			defaultConfigurationName = Release;
		};
/* End XCConfigurationList section */
	};
	rootObject = 5CDB52C618E662C400DA28F3 /* Project object */;
}
